
Microsoft Visual Studio Solution File, Format Version 12.00
# Visual Studio Version 16
VisualStudioVersion = 16.0.30804.86
MinimumVisualStudioVersion = 10.0.40219.1
Project("{8BC9CEB8-8B4A-11D0-8D11-00A0C91BC942}") = "Comics", "Comics\Comics.vcxproj", "{7CE6D2A8-9BE7-45C3-A293-0F518E506C41}"
EndProject
Global
	GlobalSection(SolutionConfigurationPlatforms) = preSolution
		Debug|x64 = Debug|x64
		Debug|x86 = Debug|x86
		Release|x64 = Release|x64
		Release|x86 = Release|x86
	EndGlobalSection
	GlobalSection(ProjectConfigurationPlatforms) = postSolution
		{7CE6D2A8-9BE7-45C3-A293-0F518E506C41}.Debug|x64.ActiveCfg = Debug|x64
		{7CE6D2A8-9BE7-45C3-A293-0F518E506C41}.Debug|x64.Build.0 = Debug|x64
		{7CE6D2A8-9BE7-45C3-A293-0F518E506C41}.Debug|x86.ActiveCfg = Debug|Win32
		{7CE6D2A8-9BE7-45C3-A293-0F518E506C41}.Debug|x86.Build.0 = Debug|Win32
		{7CE6D2A8-9BE7-45C3-A293-0F518E506C41}.Release|x64.ActiveCfg = Release|x64
		{7CE6D2A8-9BE7-45C3-A293-0F518E506C41}.Release|x64.Build.0 = Release|x64
		{7CE6D2A8-9BE7-45C3-A293-0F518E506C41}.Release|x86.ActiveCfg = Release|Win32
		{7CE6D2A8-9BE7-45C3-A293-0F518E506C41}.Release|x86.Build.0 = Release|Win32
	EndGlobalSection
	GlobalSection(SolutionProperties) = preSolution
		HideSolutionNode = FALSE
	EndGlobalSection
	GlobalSection(ExtensibilityGlobals) = postSolution
		SolutionGuid = {85C1704C-7187-4F55-8DDE-18E41AF1DE48}
	EndGlobalSection
EndGlobal
